
Microsoft Visual Studio Solution File, Format Version 12.00
# Visual Studio 15
VisualStudioVersion = 15.0.28307.779
MinimumVisualStudioVersion = 10.0.40219.1
Project("{FAE04EC0-301F-11D3-BF4B-00C04F79EFBC}") = "KosarkaskiKlubovi", "KosarkaskiKlubovi\KosarkaskiKlubovi.csproj", "{ABCA6DD3-7845-4190-AE43-25281195CE73}"
EndProject
Project("{FAE04EC0-301F-11D3-BF4B-00C04F79EFBC}") = "KosarkaskiKlubovi.Tests", "KosarkaskiKlubovi.Tests\KosarkaskiKlubovi.Tests.csproj", "{0AEC4761-891A-462C-985E-9848F9F3B530}"
EndProject
Global
	GlobalSection(SolutionConfigurationPlatforms) = preSolution
		Debug|Any CPU = Debug|Any CPU
		Release|Any CPU = Release|Any CPU
	EndGlobalSection
	GlobalSection(ProjectConfigurationPlatforms) = postSolution
		{ABCA6DD3-7845-4190-AE43-25281195CE73}.Debug|Any CPU.ActiveCfg = Debug|Any CPU
		{ABCA6DD3-7845-4190-AE43-25281195CE73}.Debug|Any CPU.Build.0 = Debug|Any CPU
		{ABCA6DD3-7845-4190-AE43-25281195CE73}.Release|Any CPU.ActiveCfg = Release|Any CPU
		{ABCA6DD3-7845-4190-AE43-25281195CE73}.Release|Any CPU.Build.0 = Release|Any CPU
		{0AEC4761-891A-462C-985E-9848F9F3B530}.Debug|Any CPU.ActiveCfg = Debug|Any CPU
		{0AEC4761-891A-462C-985E-9848F9F3B530}.Debug|Any CPU.Build.0 = Debug|Any CPU
		{0AEC4761-891A-462C-985E-9848F9F3B530}.Release|Any CPU.ActiveCfg = Release|Any CPU
		{0AEC4761-891A-462C-985E-9848F9F3B530}.Release|Any CPU.Build.0 = Release|Any CPU
	EndGlobalSection
	GlobalSection(SolutionProperties) = preSolution
		HideSolutionNode = FALSE
	EndGlobalSection
	GlobalSection(ExtensibilityGlobals) = postSolution
		SolutionGuid = {980866C0-F13B-4666-848F-528060D1EE3B}
	EndGlobalSection
EndGlobal
